
Microsoft Visual Studio Solution File, Format Version 12.00
# Visual Studio Version 17
VisualStudioVersion = 17.8.34408.163
MinimumVisualStudioVersion = 10.0.40219.1
Project("{FAE04EC0-301F-11D3-BF4B-00C04F79EFBC}") = "Bruch-Rechner", "Bruch-Rechner\Bruch-Rechner.csproj", "{22FBB9B9-BA1C-44DC-9DB8-B81A5343EBD8}"
EndProject
Global
	GlobalSection(SolutionConfigurationPlatforms) = preSolution
		Debug|Any CPU = Debug|Any CPU
		Release|Any CPU = Release|Any CPU
	EndGlobalSection
	GlobalSection(ProjectConfigurationPlatforms) = postSolution
		{22FBB9B9-BA1C-44DC-9DB8-B81A5343EBD8}.Debug|Any CPU.ActiveCfg = Debug|Any CPU
		{22FBB9B9-BA1C-44DC-9DB8-B81A5343EBD8}.Debug|Any CPU.Build.0 = Debug|Any CPU
		{22FBB9B9-BA1C-44DC-9DB8-B81A5343EBD8}.Release|Any CPU.ActiveCfg = Release|Any CPU
		{22FBB9B9-BA1C-44DC-9DB8-B81A5343EBD8}.Release|Any CPU.Build.0 = Release|Any CPU
	EndGlobalSection
	GlobalSection(SolutionProperties) = preSolution
		HideSolutionNode = FALSE
	EndGlobalSection
	GlobalSection(ExtensibilityGlobals) = postSolution
		SolutionGuid = {211475FE-3DE0-4799-88AB-2576405D4E43}
	EndGlobalSection
EndGlobal
